#
# This file is autogenerated by pip-compile with Python 3.12
# by the following command:
#
#    pip-compile --cert=None --client-cert=None --index-url=None --output-file=requirements.lock --pip-args=None --strip-extras requirements.in
#
aioquic==1.3.0
    # via -r requirements.in
anyio==4.12.1
    # via httpx
attrs==25.4.0
    # via service-identity
beautifulsoup4==4.14.3
    # via -r requirements.in
certifi==2026.2.25
    # via
    #   aioquic
    #   httpcore
    #   httpx
    #   requests
cffi==2.0.0
    # via cryptography
charset-normalizer==3.4.5
    # via requests
cryptography==46.0.5
    # via
    #   -r requirements.in
    #   aioquic
    #   pyopenssl
    #   service-identity
dnspython==2.8.0
    # via -r requirements.in
h11==0.16.0
    # via httpcore
h2==4.3.0
    # via -r requirements.in
hpack==4.1.0
    # via
    #   -r requirements.in
    #   h2
httpcore==1.0.9
    # via httpx
httpx==0.28.1
    # via -r requirements.in
hyperframe==6.1.0
    # via
    #   -r requirements.in
    #   h2
idna==3.11
    # via
    #   anyio
    #   httpx
    #   requests
lxml==6.0.2
    # via -r requirements.in
pyasn1==0.6.2
    # via
    #   pyasn1-modules
    #   service-identity
pyasn1-modules==0.4.2
    # via service-identity
pycparser==3.0
    # via cffi
pylsqpack==0.3.23
    # via aioquic
pyopenssl==25.3.0
    # via
    #   -r requirements.in
    #   aioquic
pysocks==1.7.1
    # via -r requirements.in
python-dateutil==2.9.0.post0
    # via
    #   -r requirements.in
    #   python-whois
python-whois==0.9.6
    # via -r requirements.in
requests==2.32.5
    # via -r requirements.in
scapy==2.7.0
    # via -r requirements.in
service-identity==24.2.0
    # via aioquic
six==1.17.0
    # via python-dateutil
soupsieve==2.8.3
    # via beautifulsoup4
stem==1.8.2
    # via -r requirements.in
tls-client==1.0.1
    # via -r requirements.in
typing-extensions==4.15.0
    # via
    #   anyio
    #   beautifulsoup4
    #   pyopenssl
urllib3==2.6.3
    # via
    #   -r requirements.in
    #   requests
urwid==3.0.5
    # via -r requirements.in
wcwidth==0.6.0
    # via urwid
